
Microsoft Visual Studio Solution File, Format Version 12.00
# Visual Studio Version 17
VisualStudioVersion = 17.14.36221.1 d17.14
MinimumVisualStudioVersion = 10.0.40219.1
Project("{FAE04EC0-301F-11D3-BF4B-00C04F79EFBC}") = "POP_Project", "POP_Project\POP_Project.csproj", "{5E2AB03A-925A-47AF-BD1D-D4F3B68F06E2}"
EndProject
Global
	GlobalSection(SolutionConfigurationPlatforms) = preSolution
		Debug|Any CPU = Debug|Any CPU
		Release|Any CPU = Release|Any CPU
	EndGlobalSection
	GlobalSection(ProjectConfigurationPlatforms) = postSolution
		{5E2AB03A-925A-47AF-BD1D-D4F3B68F06E2}.Debug|Any CPU.ActiveCfg = Debug|Any CPU
		{5E2AB03A-925A-47AF-BD1D-D4F3B68F06E2}.Debug|Any CPU.Build.0 = Debug|Any CPU
		{5E2AB03A-925A-47AF-BD1D-D4F3B68F06E2}.Release|Any CPU.ActiveCfg = Release|Any CPU
		{5E2AB03A-925A-47AF-BD1D-D4F3B68F06E2}.Release|Any CPU.Build.0 = Release|Any CPU
	EndGlobalSection
	GlobalSection(SolutionProperties) = preSolution
		HideSolutionNode = FALSE
	EndGlobalSection
	GlobalSection(ExtensibilityGlobals) = postSolution
		SolutionGuid = {A4AA5498-48ED-47D6-A1B7-FC83DD03BB1C}
	EndGlobalSection
EndGlobal
